
Microsoft Visual Studio Solution File, Format Version 12.00
# Visual Studio Version 16
VisualStudioVersion = 16.0.32901.82
MinimumVisualStudioVersion = 10.0.40219.1
Project("{FAE04EC0-301F-11D3-BF4B-00C04F79EFBC}") = "ProjetTest", "ProjetTest\ProjetTest.csproj", "{79FD7DDE-5D2E-4807-8602-AF9BEAA0C9D9}"
EndProject
Global
	GlobalSection(SolutionConfigurationPlatforms) = preSolution
		Debug|Any CPU = Debug|Any CPU
		Release|Any CPU = Release|Any CPU
	EndGlobalSection
	GlobalSection(ProjectConfigurationPlatforms) = postSolution
		{79FD7DDE-5D2E-4807-8602-AF9BEAA0C9D9}.Debug|Any CPU.ActiveCfg = Debug|Any CPU
		{79FD7DDE-5D2E-4807-8602-AF9BEAA0C9D9}.Debug|Any CPU.Build.0 = Debug|Any CPU
		{79FD7DDE-5D2E-4807-8602-AF9BEAA0C9D9}.Release|Any CPU.ActiveCfg = Release|Any CPU
		{79FD7DDE-5D2E-4807-8602-AF9BEAA0C9D9}.Release|Any CPU.Build.0 = Release|Any CPU
	EndGlobalSection
	GlobalSection(SolutionProperties) = preSolution
		HideSolutionNode = FALSE
	EndGlobalSection
	GlobalSection(ExtensibilityGlobals) = postSolution
		SolutionGuid = {572A8FD7-568A-4A7C-8CD1-3161E8064A75}
	EndGlobalSection
EndGlobal
